
Microsoft Visual Studio Solution File, Format Version 12.00
# Visual Studio 2012
Project("{FAE04EC0-301F-11D3-BF4B-00C04F79EFBC}") = "BugFreeSystem", "BugFreeSystem.csproj", "{F92854F3-665D-40B3-84A4-B4F8ABA2B3BC}"
EndProject
Project("{FAE04EC0-301F-11D3-BF4B-00C04F79EFBC}") = "BugFreeLibrary", "..\BugFreeLibrary\BugFreeLibrary.csproj", "{8CB4174A-E90E-4D4D-8A32-E0D1B384346A}"
EndProject
Project("{FAE04EC0-301F-11D3-BF4B-00C04F79EFBC}") = "BugFreeConsole", "..\BugFreeConsole\BugFreeConsole.csproj", "{36E57F4B-30C7-4388-9500-D4496C454964}"
EndProject
Global
	GlobalSection(SolutionConfigurationPlatforms) = preSolution
		Debug|Any CPU = Debug|Any CPU
		Release|Any CPU = Release|Any CPU
	EndGlobalSection
	GlobalSection(ProjectConfigurationPlatforms) = postSolution
		{F92854F3-665D-40B3-84A4-B4F8ABA2B3BC}.Debug|Any CPU.ActiveCfg = Debug|Any CPU
		{F92854F3-665D-40B3-84A4-B4F8ABA2B3BC}.Debug|Any CPU.Build.0 = Debug|Any CPU
		{F92854F3-665D-40B3-84A4-B4F8ABA2B3BC}.Release|Any CPU.ActiveCfg = Release|Any CPU
		{F92854F3-665D-40B3-84A4-B4F8ABA2B3BC}.Release|Any CPU.Build.0 = Release|Any CPU
		{8CB4174A-E90E-4D4D-8A32-E0D1B384346A}.Debug|Any CPU.ActiveCfg = Debug|Any CPU
		{8CB4174A-E90E-4D4D-8A32-E0D1B384346A}.Debug|Any CPU.Build.0 = Debug|Any CPU
		{8CB4174A-E90E-4D4D-8A32-E0D1B384346A}.Release|Any CPU.ActiveCfg = Release|Any CPU
		{8CB4174A-E90E-4D4D-8A32-E0D1B384346A}.Release|Any CPU.Build.0 = Release|Any CPU
		{36E57F4B-30C7-4388-9500-D4496C454964}.Debug|Any CPU.ActiveCfg = Debug|Any CPU
		{36E57F4B-30C7-4388-9500-D4496C454964}.Debug|Any CPU.Build.0 = Debug|Any CPU
		{36E57F4B-30C7-4388-9500-D4496C454964}.Release|Any CPU.ActiveCfg = Release|Any CPU
		{36E57F4B-30C7-4388-9500-D4496C454964}.Release|Any CPU.Build.0 = Release|Any CPU
	EndGlobalSection
EndGlobal
